
Microsoft Visual Studio Solution File, Format Version 12.00
# Visual Studio 2013
VisualStudioVersion = 12.0.40629.0
MinimumVisualStudioVersion = 10.0.40219.1
Project("{FAE04EC0-301F-11D3-BF4B-00C04F79EFBC}") = "MariniImpiantoDataModel", "MariniImpiantoDataModel\MariniImpiantoDataModel.csproj", "{18ACD993-C594-49E9-9DDF-7B45C4BAA477}"
EndProject
Project("{FAE04EC0-301F-11D3-BF4B-00C04F79EFBC}") = "MIConsoleTester", "MIConsoleTester\MIConsoleTester.csproj", "{F2011E22-D2E0-4CA4-909C-C53D644B0610}"
EndProject
Global
	GlobalSection(SolutionConfigurationPlatforms) = preSolution
		Debug|Any CPU = Debug|Any CPU
		Release|Any CPU = Release|Any CPU
	EndGlobalSection
	GlobalSection(ProjectConfigurationPlatforms) = postSolution
		{18ACD993-C594-49E9-9DDF-7B45C4BAA477}.Debug|Any CPU.ActiveCfg = Debug|Any CPU
		{18ACD993-C594-49E9-9DDF-7B45C4BAA477}.Debug|Any CPU.Build.0 = Debug|Any CPU
		{18ACD993-C594-49E9-9DDF-7B45C4BAA477}.Release|Any CPU.ActiveCfg = Release|Any CPU
		{18ACD993-C594-49E9-9DDF-7B45C4BAA477}.Release|Any CPU.Build.0 = Release|Any CPU
		{F2011E22-D2E0-4CA4-909C-C53D644B0610}.Debug|Any CPU.ActiveCfg = Debug|Any CPU
		{F2011E22-D2E0-4CA4-909C-C53D644B0610}.Debug|Any CPU.Build.0 = Debug|Any CPU
		{F2011E22-D2E0-4CA4-909C-C53D644B0610}.Release|Any CPU.ActiveCfg = Release|Any CPU
		{F2011E22-D2E0-4CA4-909C-C53D644B0610}.Release|Any CPU.Build.0 = Release|Any CPU
	EndGlobalSection
	GlobalSection(SolutionProperties) = preSolution
		HideSolutionNode = FALSE
	EndGlobalSection
EndGlobal
